
Microsoft Visual Studio Solution File, Format Version 12.00
# Visual Studio Version 17
VisualStudioVersion = 17.4.33122.133
MinimumVisualStudioVersion = 10.0.40219.1
Project("{FAE04EC0-301F-11D3-BF4B-00C04F79EFBC}") = "ASP_Day_of_year_dz_1", "ASP_Day_of_year_dz_1\ASP_Day_of_year_dz_1.csproj", "{DC6FF9A2-7B76-4338-BDD3-FF191583040A}"
EndProject
Global
	GlobalSection(SolutionConfigurationPlatforms) = preSolution
		Debug|Any CPU = Debug|Any CPU
		Release|Any CPU = Release|Any CPU
	EndGlobalSection
	GlobalSection(ProjectConfigurationPlatforms) = postSolution
		{DC6FF9A2-7B76-4338-BDD3-FF191583040A}.Debug|Any CPU.ActiveCfg = Debug|Any CPU
		{DC6FF9A2-7B76-4338-BDD3-FF191583040A}.Debug|Any CPU.Build.0 = Debug|Any CPU
		{DC6FF9A2-7B76-4338-BDD3-FF191583040A}.Release|Any CPU.ActiveCfg = Release|Any CPU
		{DC6FF9A2-7B76-4338-BDD3-FF191583040A}.Release|Any CPU.Build.0 = Release|Any CPU
	EndGlobalSection
	GlobalSection(SolutionProperties) = preSolution
		HideSolutionNode = FALSE
	EndGlobalSection
	GlobalSection(ExtensibilityGlobals) = postSolution
		SolutionGuid = {74914CD4-7ABB-4083-BD2A-09DE1C317A42}
	EndGlobalSection
EndGlobal
